
Microsoft Visual Studio Solution File, Format Version 12.00
# Visual Studio 2012
Project("{FAE04EC0-301F-11D3-BF4B-00C04F79EFBC}") = "wcfPedidoMtto", "wcfPedidoMtto\wcfPedidoMtto.csproj", "{CA53F299-B871-413D-BD8C-93F1E6E571A0}"
EndProject
Global
	GlobalSection(SolutionConfigurationPlatforms) = preSolution
		Debug|Any CPU = Debug|Any CPU
		Release|Any CPU = Release|Any CPU
	EndGlobalSection
	GlobalSection(ProjectConfigurationPlatforms) = postSolution
		{CA53F299-B871-413D-BD8C-93F1E6E571A0}.Debug|Any CPU.ActiveCfg = Debug|Any CPU
		{CA53F299-B871-413D-BD8C-93F1E6E571A0}.Debug|Any CPU.Build.0 = Debug|Any CPU
		{CA53F299-B871-413D-BD8C-93F1E6E571A0}.Release|Any CPU.ActiveCfg = Release|Any CPU
		{CA53F299-B871-413D-BD8C-93F1E6E571A0}.Release|Any CPU.Build.0 = Release|Any CPU
	EndGlobalSection
	GlobalSection(SolutionProperties) = preSolution
		HideSolutionNode = FALSE
	EndGlobalSection
EndGlobal
