
Microsoft Visual Studio Solution File, Format Version 12.00
# Visual Studio 2012
Project("{FAE04EC0-301F-11D3-BF4B-00C04F79EFBC}") = "AppWebMantenimiento", "AppWebMantenimiento\AppWebMantenimiento.csproj", "{61D05A04-EA88-406E-9D05-BB7D1941348B}"
EndProject
Global
	GlobalSection(TeamFoundationVersionControl) = preSolution
		SccNumberOfProjects = 2
		SccEnterpriseProvider = {4CA58AB2-18FA-4F8D-95D4-32DDF27D184C}
		SccTeamFoundationServer = https://appdtt.visualstudio.com/defaultcollection
		SccLocalPath0 = .
		SccProjectUniqueName1 = AppWebMantenimiento\\AppWebMantenimiento.csproj
		SccProjectName1 = AppWebMantenimiento
		SccLocalPath1 = AppWebMantenimiento
	EndGlobalSection
	GlobalSection(SolutionConfigurationPlatforms) = preSolution
		Debug|Any CPU = Debug|Any CPU
		Release|Any CPU = Release|Any CPU
	EndGlobalSection
	GlobalSection(ProjectConfigurationPlatforms) = postSolution
		{61D05A04-EA88-406E-9D05-BB7D1941348B}.Debug|Any CPU.ActiveCfg = Debug|Any CPU
		{61D05A04-EA88-406E-9D05-BB7D1941348B}.Debug|Any CPU.Build.0 = Debug|Any CPU
		{61D05A04-EA88-406E-9D05-BB7D1941348B}.Release|Any CPU.ActiveCfg = Release|Any CPU
		{61D05A04-EA88-406E-9D05-BB7D1941348B}.Release|Any CPU.Build.0 = Release|Any CPU
	EndGlobalSection
	GlobalSection(SolutionProperties) = preSolution
		HideSolutionNode = FALSE
	EndGlobalSection
EndGlobal
