
Microsoft Visual Studio Solution File, Format Version 12.00
# Visual Studio 2012
Project("{FAE04EC0-301F-11D3-BF4B-00C04F79EFBC}") = "LibRNMantenimiento", "LibRNMantenimiento\LibRNMantenimiento.csproj", "{83914353-2CD1-470C-9B6A-37D676C6EC47}"
EndProject
Global
	GlobalSection(TeamFoundationVersionControl) = preSolution
		SccNumberOfProjects = 2
		SccEnterpriseProvider = {4CA58AB2-18FA-4F8D-95D4-32DDF27D184C}
		SccTeamFoundationServer = https://appdtt.visualstudio.com/defaultcollection
		SccLocalPath0 = .
		SccProjectUniqueName1 = LibRNMantenimiento\\LibRNMantenimiento.csproj
		SccProjectName1 = LibRNMantenimiento
		SccLocalPath1 = LibRNMantenimiento
	EndGlobalSection
	GlobalSection(SolutionConfigurationPlatforms) = preSolution
		Debug|Any CPU = Debug|Any CPU
		Release|Any CPU = Release|Any CPU
	EndGlobalSection
	GlobalSection(ProjectConfigurationPlatforms) = postSolution
		{83914353-2CD1-470C-9B6A-37D676C6EC47}.Debug|Any CPU.ActiveCfg = Debug|Any CPU
		{83914353-2CD1-470C-9B6A-37D676C6EC47}.Debug|Any CPU.Build.0 = Debug|Any CPU
		{83914353-2CD1-470C-9B6A-37D676C6EC47}.Release|Any CPU.ActiveCfg = Release|Any CPU
		{83914353-2CD1-470C-9B6A-37D676C6EC47}.Release|Any CPU.Build.0 = Release|Any CPU
	EndGlobalSection
	GlobalSection(SolutionProperties) = preSolution
		HideSolutionNode = FALSE
	EndGlobalSection
EndGlobal
